# This file is generated by running "yarn install" inside your project.
# Manual changes might be lost - proceed with caution!

__metadata:
  version: 4
  cacheKey: 7

"@nodelib/fs.scandir@npm:2.1.5":
  version: 2.1.5
  resolution: "@nodelib/fs.scandir@npm:2.1.5"
  dependencies:
    "@nodelib/fs.stat": 2.0.5
    run-parallel: ^1.1.9
  checksum: 91b3de88d9ba843b74057ebec53d97bb1ca006fcb794f1eb2becfe6faf114cb575c90b10fc20f7390358106ffa5e6bbc493506c24f2263a33aa69f90c1e77f74
  languageName: node
  linkType: hard

"@nodelib/fs.stat@npm:2.0.5, @nodelib/fs.stat@npm:^2.0.2":
  version: 2.0.5
  resolution: "@nodelib/fs.stat@npm:2.0.5"
  checksum: a4fcf7408f2a1e11737856629b1259fb9ed658c464fabb17f77db1069fea5dd47abd5e92325b217617dbc116138d82ea6d33ffc07a426de940c5f6e08603da88
  languageName: node
  linkType: hard

"@nodelib/fs.walk@npm:^1.2.3":
  version: 1.2.8
  resolution: "@nodelib/fs.walk@npm:1.2.8"
  dependencies:
    "@nodelib/fs.scandir": 2.1.5
    fastq: ^1.6.0
  checksum: f7870cf3f1071f53441c008c22e7e47a37c9d8138b55981d018a8fd8a28fc094a835bf03c917ef98bc08badbfaa063c3140af455a03274bbeec9094ec96afac7
  languageName: node
  linkType: hard

"@swc/cli@npm:^0.1.57":
  version: 0.1.57
  resolution: "@swc/cli@npm:0.1.57"
  dependencies:
    commander: ^7.1.0
    fast-glob: ^3.2.5
    slash: 3.0.0
    source-map: ^0.7.3
  peerDependencies:
    "@swc/core": ^1.2.66
    chokidar: ^3.5.1
  peerDependenciesMeta:
    chokidar:
      optional: true
  bin:
    spack: bin/spack.js
    swc: bin/swc.js
  checksum: 3ab260a9d43a8d0b9c7f34044de648752efeeee56578400a0af8715e2f5ccded842c4d9caee7fcb6c8a0e7d837d3de0f3832011e7a5241890693b7deb4b503d8
  languageName: node
  linkType: hard

"@swc/core-android-arm-eabi@npm:1.3.5":
  version: 1.3.5
  resolution: "@swc/core-android-arm-eabi@npm:1.3.5"
  dependencies:
    "@swc/wasm": 1.2.122
  checksum: 71e095501f62bcc903dae7254758c63afa84db1e7668742e861bb37750ac94d78dbeae71d2bb03ecb6ca42af966bb3f156624d26f7a6e48b9737168882886379
  languageName: node
  linkType: hard

"@swc/core-android-arm64@npm:1.3.5":
  version: 1.3.5
  resolution: "@swc/core-android-arm64@npm:1.3.5"
  dependencies:
    "@swc/wasm": 1.2.130
  checksum: 0dbfdf33a13b996126fa34150a876e0b2b9ed08cc36a3d7f926dc3a024056bb5d3f52d3ea483423a03f49d40edaf8974876c8e4520bc3367108923c97e868080
  languageName: node
  linkType: hard

"@swc/core-darwin-arm64@npm:1.3.5":
  version: 1.3.5
  resolution: "@swc/core-darwin-arm64@npm:1.3.5"
  checksum: fae43dd6f264a28b39b108c18daa73e6311908e9ea1541f08a3495aee0d5d1577027bd09ffe061c57bc77cd19ad8db3b1bf49035edc2f6bbe477c9e831e927dc
  languageName: node
  linkType: hard

"@swc/core-darwin-x64@npm:1.3.5":
  version: 1.3.5
  resolution: "@swc/core-darwin-x64@npm:1.3.5"
  checksum: e1e46efdd6542deb74fe116b6d7795b868fb32200ef978ed9228dc853807787171097726ed0d4ea34475124c77f73a8326b99a14d3d67e1706f1b02b89598e5c
  languageName: node
  linkType: hard

"@swc/core-freebsd-x64@npm:1.3.5":
  version: 1.3.5
  resolution: "@swc/core-freebsd-x64@npm:1.3.5"
  dependencies:
    "@swc/wasm": 1.2.130
  checksum: aa1962e226c7f497b10e2556e858c99e81c7067da9a62bea1ed8e6c372edc6d7a057e7b27ba756c3666725991304060f5168cfe0f7ef9275c7e98674162e76d2
  languageName: node
  linkType: hard

"@swc/core-linux-arm-gnueabihf@npm:1.3.5":
  version: 1.3.5
  resolution: "@swc/core-linux-arm-gnueabihf@npm:1.3.5"
  dependencies:
    "@swc/wasm": 1.2.130
  checksum: 81bfa164a6219ce47dd3e22ed16a819bbab1d237fd063f5445b918cef93094eaa227d3414231811f3abe4530d4a623d19ffd259729a86cb0f490cc04deda2189
  languageName: node
  linkType: hard

"@swc/core-linux-arm64-gnu@npm:1.3.5":
  version: 1.3.5
  resolution: "@swc/core-linux-arm64-gnu@npm:1.3.5"
  checksum: 38faf54aac23044937a9ff75e28ea9e9080dac5ce9de1ba865886b4f540f480eae81d7d19f8c00c4329d3146c56b5fef9c6fb3ae492c4cab9dba88749b4843e6
  languageName: node
  linkType: hard

"@swc/core-linux-arm64-musl@npm:1.3.5":
  version: 1.3.5
  resolution: "@swc/core-linux-arm64-musl@npm:1.3.5"
  checksum: 08c793a38f7026cac6819e5552e058e38fa5e67708f56dec2b7f6fa406657d8868dd76412d2e5180fe787518ecccec51411fe5da0d1515443b3f16e03f1b6682
  languageName: node
  linkType: hard

"@swc/core-linux-x64-gnu@npm:1.3.5":
  version: 1.3.5
  resolution: "@swc/core-linux-x64-gnu@npm:1.3.5"
  checksum: db7ecef4fde69c9d0a46865a644b238478fd1c600786927026461d129b40e5b7ee6491d65d48c3f7acb90bc29f4eaa4cc1b54bac7ff684fb40264529b6bf35be
  languageName: node
  linkType: hard

"@swc/core-linux-x64-musl@npm:1.3.5":
  version: 1.3.5
  resolution: "@swc/core-linux-x64-musl@npm:1.3.5"
  checksum: 244f68fa40f731e7130d23d117edcc9fb36e9e2841704054014761aa273be922789e9643ff6c843a84e71180fd97f96adccf0e21e343bbd1dc09e04b99bbc016
  languageName: node
  linkType: hard

"@swc/core-win32-arm64-msvc@npm:1.3.5":
  version: 1.3.5
  resolution: "@swc/core-win32-arm64-msvc@npm:1.3.5"
  dependencies:
    "@swc/wasm": 1.2.130
  checksum: 6c14938d11c698b97b6f1910f6a68b2d32393a438ff752e22ce8aac406012ce47c7d4b5918563da50ad7d6e9e48e4c937f7542b2b6f6302c9d505e169797fc4c
  languageName: node
  linkType: hard

"@swc/core-win32-ia32-msvc@npm:1.3.5":
  version: 1.3.5
  resolution: "@swc/core-win32-ia32-msvc@npm:1.3.5"
  dependencies:
    "@swc/wasm": 1.2.130
  checksum: 80c96f7370928f372ccbe374181db0f7d0ced452ccffaa60602cca96baf340f706830249ba8d2883ca94f963caf4d56ca36a1c7a8f0251bfbdf5bb3fa287db34
  languageName: node
  linkType: hard

"@swc/core-win32-x64-msvc@npm:1.3.5":
  version: 1.3.5
  resolution: "@swc/core-win32-x64-msvc@npm:1.3.5"
  checksum: dc8141efec11aed8c9ee1fd9d9c82ac1fbbd0d69033a70bf7eec8e320a9bf33f9dec85179124caf17791fedd782e866ca44d6604d6a9ef8d2b83af9d1fc7c721
  languageName: node
  linkType: hard

"@swc/core@npm:^1.3.5":
  version: 1.3.5
  resolution: "@swc/core@npm:1.3.5"
  dependencies:
    "@swc/core-android-arm-eabi": 1.3.5
    "@swc/core-android-arm64": 1.3.5
    "@swc/core-darwin-arm64": 1.3.5
    "@swc/core-darwin-x64": 1.3.5
    "@swc/core-freebsd-x64": 1.3.5
    "@swc/core-linux-arm-gnueabihf": 1.3.5
    "@swc/core-linux-arm64-gnu": 1.3.5
    "@swc/core-linux-arm64-musl": 1.3.5
    "@swc/core-linux-x64-gnu": 1.3.5
    "@swc/core-linux-x64-musl": 1.3.5
    "@swc/core-win32-arm64-msvc": 1.3.5
    "@swc/core-win32-ia32-msvc": 1.3.5
    "@swc/core-win32-x64-msvc": 1.3.5
  dependenciesMeta:
    "@swc/core-android-arm-eabi":
      optional: true
    "@swc/core-android-arm64":
      optional: true
    "@swc/core-darwin-arm64":
      optional: true
    "@swc/core-darwin-x64":
      optional: true
    "@swc/core-freebsd-x64":
      optional: true
    "@swc/core-linux-arm-gnueabihf":
      optional: true
    "@swc/core-linux-arm64-gnu":
      optional: true
    "@swc/core-linux-arm64-musl":
      optional: true
    "@swc/core-linux-x64-gnu":
      optional: true
    "@swc/core-linux-x64-musl":
      optional: true
    "@swc/core-win32-arm64-msvc":
      optional: true
    "@swc/core-win32-ia32-msvc":
      optional: true
    "@swc/core-win32-x64-msvc":
      optional: true
  bin:
    swcx: run_swcx.js
  checksum: 7d95002f45a40725c56723cf1c51f39ced72bd300c43cef3ac3ab335f294141ec6d911a746b32dc9b3adc49c0e511ef8834e6f9e34bce674c27001c1119559c6
  languageName: node
  linkType: hard

"@swc/wasm@npm:1.2.122":
  version: 1.2.122
  resolution: "@swc/wasm@npm:1.2.122"
  checksum: 7be602e9817ec54ff2b08711b5e16c1313c7b700951718f7d321eec48ef0e533084948345f9b179596813de0d2a2b30dd8d1f80be3d51387c80f5dab5f7f6fd8
  languageName: node
  linkType: hard

"@swc/wasm@npm:1.2.130":
  version: 1.2.130
  resolution: "@swc/wasm@npm:1.2.130"
  checksum: 41f8c541ded44f7ed8c8d3e2de08b2d2dec2548ef48baab5e640f2e0a6a84e74b19c69749b8b32a3a437c43034d268a06c4273831f83ce8d08dfb35aaf08bc23
  languageName: node
  linkType: hard

"braces@npm:^3.0.2":
  version: 3.0.2
  resolution: "braces@npm:3.0.2"
  dependencies:
    fill-range: ^7.0.1
  checksum: f3493181c3e91a1333d3c9afc9b3263a3f62f4ced0b033c372efc1373b48a7699557f4e04026b232a8556e043ca5360a9d3008c33852350138d4b0ea57558b8d
  languageName: node
  linkType: hard

"commander@npm:^7.1.0":
  version: 7.2.0
  resolution: "commander@npm:7.2.0"
  checksum: bdc0eca5e25cd24af8440163d3c9a996785bbac4b49a590365699cdc1ed08cefbac8f268153208ab2bc5dc3cb1d3fb573fd1590c681e36e371342186bd331a4c
  languageName: node
  linkType: hard

"fast-glob@npm:^3.2.5":
  version: 3.2.12
  resolution: "fast-glob@npm:3.2.12"
  dependencies:
    "@nodelib/fs.stat": ^2.0.2
    "@nodelib/fs.walk": ^1.2.3
    glob-parent: ^5.1.2
    merge2: ^1.3.0
    micromatch: ^4.0.4
  checksum: 529402139cd380a9e3b5c49fcc3a917d857b2d7abcaff009c70f68478805951875c2277e5ec7f28ec6e82b0c229c808bf0dca68adc0cf587ff49b0c601762300
  languageName: node
  linkType: hard

"fastq@npm:^1.6.0":
  version: 1.13.0
  resolution: "fastq@npm:1.13.0"
  dependencies:
    reusify: ^1.0.4
  checksum: 2dd6a9dbab06bdd0463abaa78e4868f642a292e041abbd01a55b20cce03539a6866ef8f4f25f62dae4bb6de57bc1832d34c6bd8ae6c43428946ecf073d6741ae
  languageName: node
  linkType: hard

"fill-range@npm:^7.0.1":
  version: 7.0.1
  resolution: "fill-range@npm:7.0.1"
  dependencies:
    to-regex-range: ^5.0.1
  checksum: efca43d59b487ad4bc0b2b1cb9e51617c75a7b0159db51fa190c75c3d634ea5fad1ff4750d7c14346add4cd065e3c46e8f99af333edf2b4ec2a424f87e491a85
  languageName: node
  linkType: hard

"glob-parent@npm:^5.1.2":
  version: 5.1.2
  resolution: "glob-parent@npm:5.1.2"
  dependencies:
    is-glob: ^4.0.1
  checksum: 82fcaa4ce102a0ae01370ed8fd5299ca32184af0418e1c1b613ed851240160558c0cc9712868eb9ca1924f687b07cd9c70c25f303f39f9f376d9a32f94f28e76
  languageName: node
  linkType: hard

"is-extglob@npm:^2.1.1":
  version: 2.1.1
  resolution: "is-extglob@npm:2.1.1"
  checksum: ca623e2c56c893714a237aff645ec7caa8fea4d78868682af8d6803d7f0780323f8d566311e0dc6f942c886e81cbfa517597e48fcada7f3bf78a4d099eeecdd3
  languageName: node
  linkType: hard

"is-glob@npm:^4.0.1":
  version: 4.0.3
  resolution: "is-glob@npm:4.0.3"
  dependencies:
    is-extglob: ^2.1.1
  checksum: 8f6b4c42b78ece93a17dc6c83cd7e6f104319d6381ab24c8ba5643fcc14bec97dbdf6f8a5739d6333572557cb54e58a41c1edc89ffdb61d0277ec88ca9c3d6e3
  languageName: node
  linkType: hard

"is-number@npm:^7.0.0":
  version: 7.0.0
  resolution: "is-number@npm:7.0.0"
  checksum: eec6e506c6de472af4bdfd0cc477e8aeb76f0a7066c8680fcdfed5324ee31a7d2b59d22313007c58aa80eb937f0c40eefdceedb851997d46b490b49f87160369
  languageName: node
  linkType: hard

"merge2@npm:^1.3.0":
  version: 1.4.1
  resolution: "merge2@npm:1.4.1"
  checksum: 7ad40d8b140a5ed4e621b916858410e4f0dd4ced1e5a2b675563347e70f0661d95ba6c3c8007dd3c4e242d0b8eee44559fa75bb90a146cf168debffc0cbc18f3
  languageName: node
  linkType: hard

"micromatch@npm:^4.0.4":
  version: 4.0.5
  resolution: "micromatch@npm:4.0.5"
  dependencies:
    braces: ^3.0.2
    picomatch: ^2.3.1
  checksum: af3dc46b9decb884d0bdf30ae0d86641f88aa6ad22aa1c74ef4e3d6308c090311016f1ef751827c1cdfbb3937ab0eac246ee59873b94d296ed2fa7eb6cd3704c
  languageName: node
  linkType: hard

"picomatch@npm:^2.3.1":
  version: 2.3.1
  resolution: "picomatch@npm:2.3.1"
  checksum: 5e3bbbf6a7356e1f029754112803187564a81768718393782d73b8be2c7b2055316ed200e7ca989fae7a794348afbc17da93fa760930bcbfa4ab2c8abb781587
  languageName: node
  linkType: hard

"queue-microtask@npm:^1.2.2":
  version: 1.2.3
  resolution: "queue-microtask@npm:1.2.3"
  checksum: 0f88d794d4d825d39cdc2cda2fa701722858fc8de9567ad612776fce0d113376a3fc67f6a0091f31c9142b28f0c14fef08e9f92422b49f2372d5537e250fbfad
  languageName: node
  linkType: hard

"reusify@npm:^1.0.4":
  version: 1.0.4
  resolution: "reusify@npm:1.0.4"
  checksum: 08ef02ed0514f020a51131ba2e6c27c66ccebe25d49cfc83467a0d4054db4634a2853480d0895c710b645ab66af1a6fb3e183888306ae559413bd96c69f39ccd
  languageName: node
  linkType: hard

"root-workspace-0b6124@workspace:.":
  version: 0.0.0-use.local
  resolution: "root-workspace-0b6124@workspace:."
  dependencies:
    "@swc/cli": ^0.1.57
    "@swc/core": ^1.3.5
  languageName: unknown
  linkType: soft

"run-parallel@npm:^1.1.9":
  version: 1.2.0
  resolution: "run-parallel@npm:1.2.0"
  dependencies:
    queue-microtask: ^1.2.2
  checksum: 3d12f0251ad043ed52689523b1e5fa5b7e5395a6ae0d2cbfb880a3009bb297de6d7e96ba4ad5a818e2722b42cea78a5ee6842d6d864736a7ca755ec119ed097c
  languageName: node
  linkType: hard

"slash@npm:3.0.0":
  version: 3.0.0
  resolution: "slash@npm:3.0.0"
  checksum: fc3e8597d822ee3ba6cd76e9b001cd5be315f9b81c3a03a29bb611c003d1484e3b29a9e7bc020298fa669b585ff7c9268f44513f60c186216eb6af3111a3e838
  languageName: node
  linkType: hard

"source-map@npm:^0.7.3":
  version: 0.7.4
  resolution: "source-map@npm:0.7.4"
  checksum: 537ca237b2f0cfd5922e0f74166516e02deb871ac91f55d0fb28e08283b25e31501e0708ac8a939d67764c79eaefed1c0343be7307699c7a10f3fd9989c56fa7
  languageName: node
  linkType: hard

"to-regex-range@npm:^5.0.1":
  version: 5.0.1
  resolution: "to-regex-range@npm:5.0.1"
  dependencies:
    is-number: ^7.0.0
  checksum: 2b6001e314e4998a07137c197e333fac2f86d46d0593da90b678ae64e2daa07274b508f83cca09e6b3504cdf222497dcb5b7daceb6dc13a9a8872f58a27db907
  languageName: node
  linkType: hard
